
Microsoft Visual Studio Solution File, Format Version 12.00
# Visual Studio Version 17
VisualStudioVersion = 17.4.33110.190
MinimumVisualStudioVersion = 10.0.40219.1
Project("{FAE04EC0-301F-11D3-BF4B-00C04F79EFBC}") = "ChatbotAPI", "ChatbotAPI.csproj", "{F2B873AD-737B-4E5F-BF07-110E4A4D2570}"
EndProject
Global
	GlobalSection(SolutionConfigurationPlatforms) = preSolution
		Debug|Any CPU = Debug|Any CPU
		Release|Any CPU = Release|Any CPU
	EndGlobalSection
	GlobalSection(ProjectConfigurationPlatforms) = postSolution
		{F2B873AD-737B-4E5F-BF07-110E4A4D2570}.Debug|Any CPU.ActiveCfg = Debug|Any CPU
		{F2B873AD-737B-4E5F-BF07-110E4A4D2570}.Debug|Any CPU.Build.0 = Debug|Any CPU
		{F2B873AD-737B-4E5F-BF07-110E4A4D2570}.Release|Any CPU.ActiveCfg = Release|Any CPU
		{F2B873AD-737B-4E5F-BF07-110E4A4D2570}.Release|Any CPU.Build.0 = Release|Any CPU
	EndGlobalSection
	GlobalSection(SolutionProperties) = preSolution
		HideSolutionNode = FALSE
	EndGlobalSection
	GlobalSection(ExtensibilityGlobals) = postSolution
		SolutionGuid = {DF471F8D-335A-48F4-880D-BDD4198AD249}
	EndGlobalSection
EndGlobal
